Microsoft Visual Studio Solution File, Format Version 12.00
# Visual Studio Version 17
VisualStudioVersion = 17.5.2.0
MinimumVisualStudioVersion = 10.0.40219.1
Project("{FAE04EC0-301F-11D3-BF4B-00C04F79EFBC}") = "LavMultimediaAPI", "LavMultimediaAPI.csproj", "{23A14798-3BF9-A7EE-649A-77D32B5DDFEA}"
EndProject
Global
	GlobalSection(SolutionConfigurationPlatforms) = preSolution
		Debug|Any CPU = Debug|Any CPU
		Release|Any CPU = Release|Any CPU
	EndGlobalSection
	GlobalSection(ProjectConfigurationPlatforms) = postSolution
		{23A14798-3BF9-A7EE-649A-77D32B5DDFEA}.Debug|Any CPU.ActiveCfg = Debug|Any CPU
		{23A14798-3BF9-A7EE-649A-77D32B5DDFEA}.Debug|Any CPU.Build.0 = Debug|Any CPU
		{23A14798-3BF9-A7EE-649A-77D32B5DDFEA}.Release|Any CPU.ActiveCfg = Release|Any CPU
		{23A14798-3BF9-A7EE-649A-77D32B5DDFEA}.Release|Any CPU.Build.0 = Release|Any CPU
	EndGlobalSection
	GlobalSection(SolutionProperties) = preSolution
		HideSolutionNode = FALSE
	EndGlobalSection
	GlobalSection(ExtensibilityGlobals) = postSolution
		SolutionGuid = {D08EF2A7-CABF-40A4-94D2-3A8FAE8B74DF}
	EndGlobalSection
EndGlobal
